
Microsoft Visual Studio Solution File, Format Version 12.00
# Visual Studio Version 17
VisualStudioVersion = 17.14.36221.1
MinimumVisualStudioVersion = 10.0.40219.1
Project("{FAE04EC0-301F-11D3-BF4B-00C04F79EFBC}") = "TPWinForm_equipo-2A", "TPWinForm_equipo-2A.csproj", "{86C37D0F-7509-4B1A-963B-5F1DE5744F67}"
EndProject
Project("{FAE04EC0-301F-11D3-BF4B-00C04F79EFBC}") = "dominio", "..\dominio\dominio.csproj", "{75C9C28E-83BA-4FD0-9952-201279111437}"
EndProject
Project("{FAE04EC0-301F-11D3-BF4B-00C04F79EFBC}") = "negocio", "..\negocio\negocio.csproj", "{949A8516-F60E-4642-85A4-83CD2CDCDFAF}"
EndProject
Global
	GlobalSection(SolutionConfigurationPlatforms) = preSolution
		Debug|Any CPU = Debug|Any CPU
		Release|Any CPU = Release|Any CPU
	EndGlobalSection
	GlobalSection(ProjectConfigurationPlatforms) = postSolution
		{86C37D0F-7509-4B1A-963B-5F1DE5744F67}.Debug|Any CPU.ActiveCfg = Debug|Any CPU
		{86C37D0F-7509-4B1A-963B-5F1DE5744F67}.Debug|Any CPU.Build.0 = Debug|Any CPU
		{86C37D0F-7509-4B1A-963B-5F1DE5744F67}.Release|Any CPU.ActiveCfg = Release|Any CPU
		{86C37D0F-7509-4B1A-963B-5F1DE5744F67}.Release|Any CPU.Build.0 = Release|Any CPU
		{75C9C28E-83BA-4FD0-9952-201279111437}.Debug|Any CPU.ActiveCfg = Debug|Any CPU
		{75C9C28E-83BA-4FD0-9952-201279111437}.Debug|Any CPU.Build.0 = Debug|Any CPU
		{75C9C28E-83BA-4FD0-9952-201279111437}.Release|Any CPU.ActiveCfg = Release|Any CPU
		{75C9C28E-83BA-4FD0-9952-201279111437}.Release|Any CPU.Build.0 = Release|Any CPU
		{949A8516-F60E-4642-85A4-83CD2CDCDFAF}.Debug|Any CPU.ActiveCfg = Debug|Any CPU
		{949A8516-F60E-4642-85A4-83CD2CDCDFAF}.Debug|Any CPU.Build.0 = Debug|Any CPU
		{949A8516-F60E-4642-85A4-83CD2CDCDFAF}.Release|Any CPU.ActiveCfg = Release|Any CPU
		{949A8516-F60E-4642-85A4-83CD2CDCDFAF}.Release|Any CPU.Build.0 = Release|Any CPU
	EndGlobalSection
	GlobalSection(SolutionProperties) = preSolution
		HideSolutionNode = FALSE
	EndGlobalSection
	GlobalSection(ExtensibilityGlobals) = postSolution
		SolutionGuid = {0E69CDE5-7941-44B4-A227-B3CA24491275}
	EndGlobalSection
EndGlobal
